
Microsoft Visual Studio Solution File, Format Version 12.00
# Visual Studio Version 17
VisualStudioVersion = 17.6.33829.357
MinimumVisualStudioVersion = 10.0.40219.1
Project("{FAE04EC0-301F-11D3-BF4B-00C04F79EFBC}") = "Week2_Lesson7_5", "Week2_Lesson7_5\Week2_Lesson7_5.csproj", "{67E992B4-9658-4455-A5CE-1B8C52D7FA57}"
EndProject
Global
	GlobalSection(SolutionConfigurationPlatforms) = preSolution
		Debug|Any CPU = Debug|Any CPU
		Release|Any CPU = Release|Any CPU
	EndGlobalSection
	GlobalSection(ProjectConfigurationPlatforms) = postSolution
		{67E992B4-9658-4455-A5CE-1B8C52D7FA57}.Debug|Any CPU.ActiveCfg = Debug|Any CPU
		{67E992B4-9658-4455-A5CE-1B8C52D7FA57}.Debug|Any CPU.Build.0 = Debug|Any CPU
		{67E992B4-9658-4455-A5CE-1B8C52D7FA57}.Release|Any CPU.ActiveCfg = Release|Any CPU
		{67E992B4-9658-4455-A5CE-1B8C52D7FA57}.Release|Any CPU.Build.0 = Release|Any CPU
	EndGlobalSection
	GlobalSection(SolutionProperties) = preSolution
		HideSolutionNode = FALSE
	EndGlobalSection
	GlobalSection(ExtensibilityGlobals) = postSolution
		SolutionGuid = {E1830BEA-B3DC-4EF9-A23E-7B711188C70B}
	EndGlobalSection
EndGlobal
